
Microsoft Visual Studio Solution File, Format Version 12.00
# Visual Studio Version 16
VisualStudioVersion = 16.0.30114.105
MinimumVisualStudioVersion = 10.0.40219.1
Project("{FAE04EC0-301F-11D3-BF4B-00C04F79EFBC}") = "RestaurantManagement.Application", "RestaurantManagement.Application\RestaurantManagement.Application.csproj", "{97524C16-8746-4904-9E36-656D0508BFF8}"
EndProject
Project("{FAE04EC0-301F-11D3-BF4B-00C04F79EFBC}") = "RestaurantManagement.API", "RestaurantManagement.API\RestaurantManagement.API.csproj", "{49642694-9D7F-4D86-90EC-F30E35716ED1}"
EndProject
Project("{FAE04EC0-301F-11D3-BF4B-00C04F79EFBC}") = "RestaurantManagement.Domain", "RestaurantManagement.Domain\RestaurantManagement.Domain.csproj", "{7F9654E4-9CA6-4CE9-867C-96284C929A82}"
EndProject
Project("{FAE04EC0-301F-11D3-BF4B-00C04F79EFBC}") = "RestaurantManagement.Infrastructure", "RestaurantManagement.Infrastructure\RestaurantManagement.Infrastructure.csproj", "{07816209-4D01-4471-BCB6-1C3D5BA51723}"
EndProject
Global
	GlobalSection(SolutionConfigurationPlatforms) = preSolution
		Debug|Any CPU = Debug|Any CPU
		Debug|x64 = Debug|x64
		Debug|x86 = Debug|x86
		Release|Any CPU = Release|Any CPU
		Release|x64 = Release|x64
		Release|x86 = Release|x86
	EndGlobalSection
	GlobalSection(SolutionProperties) = preSolution
		HideSolutionNode = FALSE
	EndGlobalSection
	GlobalSection(ProjectConfigurationPlatforms) = postSolution
		{97524C16-8746-4904-9E36-656D0508BFF8}.Debug|Any CPU.ActiveCfg = Debug|Any CPU
		{97524C16-8746-4904-9E36-656D0508BFF8}.Debug|Any CPU.Build.0 = Debug|Any CPU
		{97524C16-8746-4904-9E36-656D0508BFF8}.Debug|x64.ActiveCfg = Debug|Any CPU
		{97524C16-8746-4904-9E36-656D0508BFF8}.Debug|x64.Build.0 = Debug|Any CPU
		{97524C16-8746-4904-9E36-656D0508BFF8}.Debug|x86.ActiveCfg = Debug|Any CPU
		{97524C16-8746-4904-9E36-656D0508BFF8}.Debug|x86.Build.0 = Debug|Any CPU
		{97524C16-8746-4904-9E36-656D0508BFF8}.Release|Any CPU.ActiveCfg = Release|Any CPU
		{97524C16-8746-4904-9E36-656D0508BFF8}.Release|Any CPU.Build.0 = Release|Any CPU
		{97524C16-8746-4904-9E36-656D0508BFF8}.Release|x64.ActiveCfg = Release|Any CPU
		{97524C16-8746-4904-9E36-656D0508BFF8}.Release|x64.Build.0 = Release|Any CPU
		{97524C16-8746-4904-9E36-656D0508BFF8}.Release|x86.ActiveCfg = Release|Any CPU
		{97524C16-8746-4904-9E36-656D0508BFF8}.Release|x86.Build.0 = Release|Any CPU
		{49642694-9D7F-4D86-90EC-F30E35716ED1}.Debug|Any CPU.ActiveCfg = Debug|Any CPU
		{49642694-9D7F-4D86-90EC-F30E35716ED1}.Debug|Any CPU.Build.0 = Debug|Any CPU
		{49642694-9D7F-4D86-90EC-F30E35716ED1}.Debug|x64.ActiveCfg = Debug|Any CPU
		{49642694-9D7F-4D86-90EC-F30E35716ED1}.Debug|x64.Build.0 = Debug|Any CPU
		{49642694-9D7F-4D86-90EC-F30E35716ED1}.Debug|x86.ActiveCfg = Debug|Any CPU
		{49642694-9D7F-4D86-90EC-F30E35716ED1}.Debug|x86.Build.0 = Debug|Any CPU
		{49642694-9D7F-4D86-90EC-F30E35716ED1}.Release|Any CPU.ActiveCfg = Release|Any CPU
		{49642694-9D7F-4D86-90EC-F30E35716ED1}.Release|Any CPU.Build.0 = Release|Any CPU
		{49642694-9D7F-4D86-90EC-F30E35716ED1}.Release|x64.ActiveCfg = Release|Any CPU
		{49642694-9D7F-4D86-90EC-F30E35716ED1}.Release|x64.Build.0 = Release|Any CPU
		{49642694-9D7F-4D86-90EC-F30E35716ED1}.Release|x86.ActiveCfg = Release|Any CPU
		{49642694-9D7F-4D86-90EC-F30E35716ED1}.Release|x86.Build.0 = Release|Any CPU
		{7F9654E4-9CA6-4CE9-867C-96284C929A82}.Debug|Any CPU.ActiveCfg = Debug|Any CPU
		{7F9654E4-9CA6-4CE9-867C-96284C929A82}.Debug|Any CPU.Build.0 = Debug|Any CPU
		{7F9654E4-9CA6-4CE9-867C-96284C929A82}.Debug|x64.ActiveCfg = Debug|Any CPU
		{7F9654E4-9CA6-4CE9-867C-96284C929A82}.Debug|x64.Build.0 = Debug|Any CPU
		{7F9654E4-9CA6-4CE9-867C-96284C929A82}.Debug|x86.ActiveCfg = Debug|Any CPU
		{7F9654E4-9CA6-4CE9-867C-96284C929A82}.Debug|x86.Build.0 = Debug|Any CPU
		{7F9654E4-9CA6-4CE9-867C-96284C929A82}.Release|Any CPU.ActiveCfg = Release|Any CPU
		{7F9654E4-9CA6-4CE9-867C-96284C929A82}.Release|Any CPU.Build.0 = Release|Any CPU
		{7F9654E4-9CA6-4CE9-867C-96284C929A82}.Release|x64.ActiveCfg = Release|Any CPU
		{7F9654E4-9CA6-4CE9-867C-96284C929A82}.Release|x64.Build.0 = Release|Any CPU
		{7F9654E4-9CA6-4CE9-867C-96284C929A82}.Release|x86.ActiveCfg = Release|Any CPU
		{7F9654E4-9CA6-4CE9-867C-96284C929A82}.Release|x86.Build.0 = Release|Any CPU
		{07816209-4D01-4471-BCB6-1C3D5BA51723}.Debug|Any CPU.ActiveCfg = Debug|Any CPU
		{07816209-4D01-4471-BCB6-1C3D5BA51723}.Debug|Any CPU.Build.0 = Debug|Any CPU
		{07816209-4D01-4471-BCB6-1C3D5BA51723}.Debug|x64.ActiveCfg = Debug|Any CPU
		{07816209-4D01-4471-BCB6-1C3D5BA51723}.Debug|x64.Build.0 = Debug|Any CPU
		{07816209-4D01-4471-BCB6-1C3D5BA51723}.Debug|x86.ActiveCfg = Debug|Any CPU
		{07816209-4D01-4471-BCB6-1C3D5BA51723}.Debug|x86.Build.0 = Debug|Any CPU
		{07816209-4D01-4471-BCB6-1C3D5BA51723}.Release|Any CPU.ActiveCfg = Release|Any CPU
		{07816209-4D01-4471-BCB6-1C3D5BA51723}.Release|Any CPU.Build.0 = Release|Any CPU
		{07816209-4D01-4471-BCB6-1C3D5BA51723}.Release|x64.ActiveCfg = Release|Any CPU
		{07816209-4D01-4471-BCB6-1C3D5BA51723}.Release|x64.Build.0 = Release|Any CPU
		{07816209-4D01-4471-BCB6-1C3D5BA51723}.Release|x86.ActiveCfg = Release|Any CPU
		{07816209-4D01-4471-BCB6-1C3D5BA51723}.Release|x86.Build.0 = Release|Any CPU
	EndGlobalSection
EndGlobal
